// !$*UTF8*$!
{
	archiveVersion = 1;
	classes = {
	};
	objectVersion = 46;
	objects = {

/* Begin PBXBuildFile section */
		0500F1241E669E8800C786F8 /* KIF+Extensions.swift in Sources */ = {isa = PBXBuildFile; fileRef = 0500F1231E669E8800C786F8 /* KIF+Extensions.swift */; };
		0500F1291E66A02100C786F8 /* LoginTest.swift in Sources */ = {isa = PBXBuildFile; fileRef = 0500F1281E66A02100C786F8 /* LoginTest.swift */; };
		0504C0781E45A3DC00AD5338 /* SideMenuViewController.swift in Sources */ = {isa = PBXBuildFile; fileRef = 0504C0771E45A3DC00AD5338 /* SideMenuViewController.swift */; };
		0504C07A1E45AB8B00AD5338 /* SettingsViewController.swift in Sources */ = {isa = PBXBuildFile; fileRef = 0504C0791E45AB8B00AD5338 /* SettingsViewController.swift */; };
		0536FF051E06E31B0013E732 /* EZAlertController.swift in Sources */ = {isa = PBXBuildFile; fileRef = 0536FF041E06E31B0013E732 /* EZAlertController.swift */; };
		053F9BE31E62BE2300C5C5AB /* QRSettingsViewController.swift in Sources */ = {isa = PBXBuildFile; fileRef = 053F9BE21E62BE2300C5C5AB /* QRSettingsViewController.swift */; };
		05541CB81E59B927006D3F5C /* Main.storyboard in Resources */ = {isa = PBXBuildFile; fileRef = 053031F51E13B65C003D9659 /* Main.storyboard */; };
		05541CB91E59B927006D3F5C /* LaunchScreen.storyboard in Resources */ = {isa = PBXBuildFile; fileRef = 056947ED1E04DD7300BECB7C /* LaunchScreen.storyboard */; };
		05541CBA1E59B927006D3F5C /* Assets.xcassets in Resources */ = {isa = PBXBuildFile; fileRef = 056947EB1E04DD7300BECB7C /* Assets.xcassets */; };
		0561B8FD1E3F0F87008CA2BF /* MachinesViewController.swift in Sources */ = {isa = PBXBuildFile; fileRef = 0561B8FC1E3F0F87008CA2BF /* MachinesViewController.swift */; };
		05641B0F1E502AD300B2B277 /* PersonnelJobsTableViewController.swift in Sources */ = {isa = PBXBuildFile; fileRef = 05641B0E1E502AD300B2B277 /* PersonnelJobsTableViewController.swift */; };
		05641B111E503EDF00B2B277 /* MachineJobsTableViewController.swift in Sources */ = {isa = PBXBuildFile; fileRef = 05641B101E503EDF00B2B277 /* MachineJobsTableViewController.swift */; };
		056947E21E04DD7300BECB7C /* AppDelegate.swift in Sources */ = {isa = PBXBuildFile; fileRef = 056947E11E04DD7300BECB7C /* AppDelegate.swift */; };
		056947E41E04DD7300BECB7C /* LoginViewController.swift in Sources */ = {isa = PBXBuildFile; fileRef = 056947E31E04DD7300BECB7C /* LoginViewController.swift */; };
		056947EA1E04DD7300BECB7C /* Arcstone_Mobile.xcdatamodeld in Sources */ = {isa = PBXBuildFile; fileRef = 056947E81E04DD7300BECB7C /* Arcstone_Mobile.xcdatamodeld */; };
		056947FA1E04DD7300BECB7C /* Arcstone_MobileTests.swift in Sources */ = {isa = PBXBuildFile; fileRef = 056947F91E04DD7300BECB7C /* Arcstone_MobileTests.swift */; };
		0569480D1E04E9B000BECB7C /* DataController.swift in Sources */ = {isa = PBXBuildFile; fileRef = 0569480C1E04E9B000BECB7C /* DataController.swift */; };
		05736A311E0BC35A008125AF /* NiceButton.swift in Sources */ = {isa = PBXBuildFile; fileRef = 05736A301E0BC35A008125AF /* NiceButton.swift */; };
		057845011E3445F70053EF14 /* AdminPageViewController.swift in Sources */ = {isa = PBXBuildFile; fileRef = 057845001E3445F70053EF14 /* AdminPageViewController.swift */; };
		057845051E34742A0053EF14 /* AdminBatchRunTableViewController.swift in Sources */ = {isa = PBXBuildFile; fileRef = 057845041E34742A0053EF14 /* AdminBatchRunTableViewController.swift */; };
		057845081E348CD60053EF14 /* PersonnelViewController.swift in Sources */ = {isa = PBXBuildFile; fileRef = 057845071E348CD60053EF14 /* PersonnelViewController.swift */; };
		0586DDA31E32FA2F006491DF /* AdminViewController.swift in Sources */ = {isa = PBXBuildFile; fileRef = 0586DDA21E32FA2F006491DF /* AdminViewController.swift */; };
		058BFBDF1E20BA4000B274E3 /* BatchRunStepParameterTableViewController.swift in Sources */ = {isa = PBXBuildFile; fileRef = 058BFBDE1E20BA4000B274E3 /* BatchRunStepParameterTableViewController.swift */; };
		058BFBE11E20CAC900B274E3 /* BatchRunStepParameterInfoViewController.swift in Sources */ = {isa = PBXBuildFile; fileRef = 058BFBE01E20CAC900B274E3 /* BatchRunStepParameterInfoViewController.swift */; };
		0598B07B1E612A8100F36B98 /* QRReaderViewController.swift in Sources */ = {isa = PBXBuildFile; fileRef = 0598B07A1E612A8100F36B98 /* QRReaderViewController.swift */; };
		059D16B21E0544DD0067581E /* BatchRunListViewController.swift in Sources */ = {isa = PBXBuildFile; fileRef = 059D16B11E0544DD0067581E /* BatchRunListViewController.swift */; };
		05E1D7FB1E73D68F009987D2 /* GoogleService-Info.plist in Resources */ = {isa = PBXBuildFile; fileRef = 05E1D7FA1E73D68F009987D2 /* GoogleService-Info.plist */; };
		05EAD91C1E0BBAE500FB6BC0 /* BatchRunStatusViewController.swift in Sources */ = {isa = PBXBuildFile; fileRef = 05EAD91B1E0BBAE500FB6BC0 /* BatchRunStatusViewController.swift */; };
		05EE6B9E1E08D99E00616AC4 /* BatchRunTableViewCell.swift in Sources */ = {isa = PBXBuildFile; fileRef = 05EE6B9C1E08D99E00616AC4 /* BatchRunTableViewCell.swift */; };
		05EE6BA41E090FB800616AC4 /* ShowJobViewController.swift in Sources */ = {isa = PBXBuildFile; fileRef = 05EE6BA31E090FB800616AC4 /* ShowJobViewController.swift */; };
		05EE6BA61E0A1F7400616AC4 /* BatchRunSteps.swift in Sources */ = {isa = PBXBuildFile; fileRef = 05EE6BA51E0A1F7400616AC4 /* BatchRunSteps.swift */; };
		05F0091D1E73BBA30089ACAD /* GaugeViewController.swift in Sources */ = {isa = PBXBuildFile; fileRef = 05F0091C1E73BBA30089ACAD /* GaugeViewController.swift */; };
		5F25836AAD9FED28E41A7664 /* Pods_Arcstone_Mobile.framework in Frameworks */ = {isa = PBXBuildFile; fileRef = FD879C9403DD2BE447BC1B75 /* Pods_Arcstone_Mobile.framework */; };
		7421312BF8AB6ACC76FB17A3 /* Pods_Arcstone_MobileTests.framework in Frameworks */ = {isa = PBXBuildFile; fileRef = 07B21813E848BF38CD4B8FB1 /* Pods_Arcstone_MobileTests.framework */; };
/* End PBXBuildFile section */

/* Begin PBXContainerItemProxy section */
		056947F61E04DD7300BECB7C /* PBXContainerItemProxy */ = {
			isa = PBXContainerItemProxy;
			containerPortal = 056947D61E04DD7300BECB7C /* Project object */;
			proxyType = 1;
			remoteGlobalIDString = 056947DD1E04DD7300BECB7C;
			remoteInfo = "Arcstone Mobile";
		};
/* End PBXContainerItemProxy section */

/* Begin PBXCopyFilesBuildPhase section */
		056948091E04E90400BECB7C /* Copy Files */ = {
			isa = PBXCopyFilesBuildPhase;
			buildActionMask = 2147483647;
			dstPath = "";
			dstSubfolderSpec = 16;
			files = (
			);
			name = "Copy Files";
			runOnlyForDeploymentPostprocessing = 0;
		};
		0580C64E1E45835E00826758 /* Embed Frameworks */ = {
			isa = PBXCopyFilesBuildPhase;
			buildActionMask = 2147483647;
			dstPath = "";
			dstSubfolderSpec = 10;
			files = (
			);
			name = "Embed Frameworks";
			runOnlyForDeploymentPostprocessing = 0;
		};
/* End PBXCopyFilesBuildPhase section */

/* Begin PBXFileReference section */
		0500F1231E669E8800C786F8 /* KIF+Extensions.swift */ = {isa = PBXFileReference; fileEncoding = 4; lastKnownFileType = sourcecode.swift; path = "KIF+Extensions.swift"; sourceTree = "<group>"; };
		0500F1251E669FF200C786F8 /* Arcstone MobileTests-Bridging-Header.h */ = {isa = PBXFileReference; lastKnownFileType = sourcecode.c.h; path = "Arcstone MobileTests-Bridging-Header.h"; sourceTree = "<group>"; };
		0500F1281E66A02100C786F8 /* LoginTest.swift */ = {isa = PBXFileReference; fileEncoding = 4; lastKnownFileType = sourcecode.swift; path = LoginTest.swift; sourceTree = "<group>"; };
		0504C0771E45A3DC00AD5338 /* SideMenuViewController.swift */ = {isa = PBXFileReference; fileEncoding = 4; lastKnownFileType = sourcecode.swift; path = SideMenuViewController.swift; sourceTree = "<group>"; };
		0504C0791E45AB8B00AD5338 /* SettingsViewController.swift */ = {isa = PBXFileReference; fileEncoding = 4; lastKnownFileType = sourcecode.swift; path = SettingsViewController.swift; sourceTree = "<group>"; };
		05186A321E4EACF0008A176D /* Arcstone Mobile.entitlements */ = {isa = PBXFileReference; lastKnownFileType = text.plist.entitlements; path = "Arcstone Mobile.entitlements"; sourceTree = "<group>"; };
		053031F41E13B65C003D9659 /* Base */ = {isa = PBXFileReference; lastKnownFileType = file.storyboard; name = Base; path = Base.lproj/Main.storyboard; sourceTree = "<group>"; };
		0536FF041E06E31B0013E732 /* EZAlertController.swift */ = {isa = PBXFileReference; fileEncoding = 4; lastKnownFileType = sourcecode.swift; path = EZAlertController.swift; sourceTree = "<group>"; };
		053F9BE21E62BE2300C5C5AB /* QRSettingsViewController.swift */ = {isa = PBXFileReference; fileEncoding = 4; lastKnownFileType = sourcecode.swift; path = QRSettingsViewController.swift; sourceTree = "<group>"; };
		0561B8FC1E3F0F87008CA2BF /* MachinesViewController.swift */ = {isa = PBXFileReference; fileEncoding = 4; lastKnownFileType = sourcecode.swift; path = MachinesViewController.swift; sourceTree = "<group>"; };
		05641B0E1E502AD300B2B277 /* PersonnelJobsTableViewController.swift */ = {isa = PBXFileReference; fileEncoding = 4; lastKnownFileType = sourcecode.swift; path = PersonnelJobsTableViewController.swift; sourceTree = "<group>"; };
		05641B101E503EDF00B2B277 /* MachineJobsTableViewController.swift */ = {isa = PBXFileReference; fileEncoding = 4; lastKnownFileType = sourcecode.swift; path = MachineJobsTableViewController.swift; sourceTree = "<group>"; };
		056947DE1E04DD7300BECB7C /* Arcstone Mobile.app */ = {isa = PBXFileReference; explicitFileType = wrapper.application; includeInIndex = 0; path = "Arcstone Mobile.app"; sourceTree = BUILT_PRODUCTS_DIR; };
		056947E11E04DD7300BECB7C /* AppDelegate.swift */ = {isa = PBXFileReference; lastKnownFileType = sourcecode.swift; path = AppDelegate.swift; sourceTree = "<group>"; };
		056947E31E04DD7300BECB7C /* LoginViewController.swift */ = {isa = PBXFileReference; lastKnownFileType = sourcecode.swift; path = LoginViewController.swift; sourceTree = "<group>"; };
		056947E91E04DD7300BECB7C /* Arcstone_Mobile.xcdatamodel */ = {isa = PBXFileReference; lastKnownFileType = wrapper.xcdatamodel; path = Arcstone_Mobile.xcdatamodel; sourceTree = "<group>"; };
		056947EB1E04DD7300BECB7C /* Assets.xcassets */ = {isa = PBXFileReference; lastKnownFileType = folder.assetcatalog; path = Assets.xcassets; sourceTree = "<group>"; };
		056947EE1E04DD7300BECB7C /* Base */ = {isa = PBXFileReference; lastKnownFileType = file.storyboard; name = Base; path = Base.lproj/LaunchScreen.storyboard; sourceTree = "<group>"; };
		056947F01E04DD7300BECB7C /* Info.plist */ = {isa = PBXFileReference; lastKnownFileType = text.plist.xml; path = Info.plist; sourceTree = "<group>"; };
		056947F51E04DD7300BECB7C /* Arcstone MobileTests.xctest */ = {isa = PBXFileReference; explicitFileType = wrapper.cfbundle; includeInIndex = 0; path = "Arcstone MobileTests.xctest"; sourceTree = BUILT_PRODUCTS_DIR; };
		056947F91E04DD7300BECB7C /* Arcstone_MobileTests.swift */ = {isa = PBXFileReference; lastKnownFileType = sourcecode.swift; path = Arcstone_MobileTests.swift; sourceTree = "<group>"; };
		056947FB1E04DD7300BECB7C /* Info.plist */ = {isa = PBXFileReference; lastKnownFileType = text.plist.xml; path = Info.plist; sourceTree = "<group>"; };
		0569480C1E04E9B000BECB7C /* DataController.swift */ = {isa = PBXFileReference; fileEncoding = 4; lastKnownFileType = sourcecode.swift; path = DataController.swift; sourceTree = "<group>"; };
		05736A301E0BC35A008125AF /* NiceButton.swift */ = {isa = PBXFileReference; fileEncoding = 4; lastKnownFileType = sourcecode.swift; path = NiceButton.swift; sourceTree = "<group>"; };
		057845001E3445F70053EF14 /* AdminPageViewController.swift */ = {isa = PBXFileReference; fileEncoding = 4; lastKnownFileType = sourcecode.swift; path = AdminPageViewController.swift; sourceTree = "<group>"; };
		057845041E34742A0053EF14 /* AdminBatchRunTableViewController.swift */ = {isa = PBXFileReference; fileEncoding = 4; lastKnownFileType = sourcecode.swift; path = AdminBatchRunTableViewController.swift; sourceTree = "<group>"; };
		057845071E348CD60053EF14 /* PersonnelViewController.swift */ = {isa = PBXFileReference; fileEncoding = 4; lastKnownFileType = sourcecode.swift; path = PersonnelViewController.swift; sourceTree = "<group>"; };
		0586DDA21E32FA2F006491DF /* AdminViewController.swift */ = {isa = PBXFileReference; fileEncoding = 4; lastKnownFileType = sourcecode.swift; path = AdminViewController.swift; sourceTree = "<group>"; };
		058BFBDE1E20BA4000B274E3 /* BatchRunStepParameterTableViewController.swift */ = {isa = PBXFileReference; fileEncoding = 4; lastKnownFileType = sourcecode.swift; path = BatchRunStepParameterTableViewController.swift; sourceTree = "<group>"; };
		058BFBE01E20CAC900B274E3 /* BatchRunStepParameterInfoViewController.swift */ = {isa = PBXFileReference; fileEncoding = 4; lastKnownFileType = sourcecode.swift; path = BatchRunStepParameterInfoViewController.swift; sourceTree = "<group>"; };
		0598B07A1E612A8100F36B98 /* QRReaderViewController.swift */ = {isa = PBXFileReference; fileEncoding = 4; lastKnownFileType = sourcecode.swift; path = QRReaderViewController.swift; sourceTree = "<group>"; };
		059D16B11E0544DD0067581E /* BatchRunListViewController.swift */ = {isa = PBXFileReference; fileEncoding = 4; lastKnownFileType = sourcecode.swift; path = BatchRunListViewController.swift; sourceTree = "<group>"; };
		05E1D7FA1E73D68F009987D2 /* GoogleService-Info.plist */ = {isa = PBXFileReference; fileEncoding = 4; lastKnownFileType = text.plist.xml; path = "GoogleService-Info.plist"; sourceTree = "<group>"; };
		05EAD91B1E0BBAE500FB6BC0 /* BatchRunStatusViewController.swift */ = {isa = PBXFileReference; fileEncoding = 4; lastKnownFileType = sourcecode.swift; path = BatchRunStatusViewController.swift; sourceTree = "<group>"; };
		05EE6B9C1E08D99E00616AC4 /* BatchRunTableViewCell.swift */ = {isa = PBXFileReference; fileEncoding = 4; lastKnownFileType = sourcecode.swift; path = BatchRunTableViewCell.swift; sourceTree = "<group>"; };
		05EE6BA31E090FB800616AC4 /* ShowJobViewController.swift */ = {isa = PBXFileReference; fileEncoding = 4; lastKnownFileType = sourcecode.swift; path = ShowJobViewController.swift; sourceTree = "<group>"; };
		05EE6BA51E0A1F7400616AC4 /* BatchRunSteps.swift */ = {isa = PBXFileReference; fileEncoding = 4; lastKnownFileType = sourcecode.swift; path = BatchRunSteps.swift; sourceTree = "<group>"; };
		05F009141E739C730089ACAD /* libc++.tbd */ = {isa = PBXFileReference; lastKnownFileType = "sourcecode.text-based-dylib-definition"; name = "libc++.tbd"; path = "usr/lib/libc++.tbd"; sourceTree = SDKROOT; };
		05F009161E739C940089ACAD /* ShinobiGauges.framework */ = {isa = PBXFileReference; lastKnownFileType = wrapper.framework; name = ShinobiGauges.framework; path = "../../Downloads/shinobicontrols-ios-trial/shinobitoolkit/shinobigauges/shinobicontrols-ios-gauges-trial-objc-2.8.1-2/ShinobiGauges.framework"; sourceTree = "<group>"; };
		05F009181E73A1F90089ACAD /* SVProgressHUD.framework */ = {isa = PBXFileReference; lastKnownFileType = wrapper.framework; name = SVProgressHUD.framework; path = "Pods/../build/Debug-iphoneos/SVProgressHUD/SVProgressHUD.framework"; sourceTree = "<group>"; };
		05F0091A1E73BB800089ACAD /* ShinobiGauges.framework */ = {isa = PBXFileReference; lastKnownFileType = wrapper.framework; name = ShinobiGauges.framework; path = "../shinobicontrols-ios-trial/shinobitoolkit/shinobigauges/shinobicontrols-ios-gauges-trial-objc-2.8.1-2/ShinobiGauges.framework"; sourceTree = "<group>"; };
		05F0091C1E73BBA30089ACAD /* GaugeViewController.swift */ = {isa = PBXFileReference; fileEncoding = 4; lastKnownFileType = sourcecode.swift; path = GaugeViewController.swift; sourceTree = "<group>"; };
		05F009211E73BF610089ACAD /* UIKit.framework */ = {isa = PBXFileReference; lastKnownFileType = wrapper.framework; name = UIKit.framework; path = System/Library/Frameworks/UIKit.framework; sourceTree = SDKROOT; };
		05F009241E73BF730089ACAD /* libstdc++.6.tbd */ = {isa = PBXFileReference; lastKnownFileType = "sourcecode.text-based-dylib-definition"; name = "libstdc++.6.tbd"; path = "usr/lib/libstdc++.6.tbd"; sourceTree = SDKROOT; };
		07B21813E848BF38CD4B8FB1 /* Pods_Arcstone_MobileTests.framework */ = {isa = PBXFileReference; explicitFileType = wrapper.framework; includeInIndex = 0; path = Pods_Arcstone_MobileTests.framework; sourceTree = BUILT_PRODUCTS_DIR; };
		0C84C097E807948EBCE13EFC /* Pods-Arcstone Mobile.debug.xcconfig */ = {isa = PBXFileReference; includeInIndex = 1; lastKnownFileType = text.xcconfig; name = "Pods-Arcstone Mobile.debug.xcconfig"; path = "Pods/Target Support Files/Pods-Arcstone Mobile/Pods-Arcstone Mobile.debug.xcconfig"; sourceTree = "<group>"; };
		86182E7150583A80A105FFAD /* Pods-Arcstone Mobile.release.xcconfig */ = {isa = PBXFileReference; includeInIndex = 1; lastKnownFileType = text.xcconfig; name = "Pods-Arcstone Mobile.release.xcconfig"; path = "Pods/Target Support Files/Pods-Arcstone Mobile/Pods-Arcstone Mobile.release.xcconfig"; sourceTree = "<group>"; };
		94B409531797B9A3DEE8427E /* Pods-Arcstone MobileTests.release.xcconfig */ = {isa = PBXFileReference; includeInIndex = 1; lastKnownFileType = text.xcconfig; name = "Pods-Arcstone MobileTests.release.xcconfig"; path = "Pods/Target Support Files/Pods-Arcstone MobileTests/Pods-Arcstone MobileTests.release.xcconfig"; sourceTree = "<group>"; };
		EF44E063656339CE4637CAC2 /* Pods-Arcstone MobileTests.debug.xcconfig */ = {isa = PBXFileReference; includeInIndex = 1; lastKnownFileType = text.xcconfig; name = "Pods-Arcstone MobileTests.debug.xcconfig"; path = "Pods/Target Support Files/Pods-Arcstone MobileTests/Pods-Arcstone MobileTests.debug.xcconfig"; sourceTree = "<group>"; };
		FD879C9403DD2BE447BC1B75 /* Pods_Arcstone_Mobile.framework */ = {isa = PBXFileReference; explicitFileType = wrapper.framework; includeInIndex = 0; path = Pods_Arcstone_Mobile.framework; sourceTree = BUILT_PRODUCTS_DIR; };
/* End PBXFileReference section */

/* Begin PBXFrameworksBuildPhase section */
		056947DB1E04DD7300BECB7C /* Frameworks */ = {
			isa = PBXFrameworksBuildPhase;
			buildActionMask = 2147483647;
			files = (
				5F25836AAD9FED28E41A7664 /* Pods_Arcstone_Mobile.framework in Frameworks */,
			);
			runOnlyForDeploymentPostprocessing = 0;
		};
		056947F21E04DD7300BECB7C /* Frameworks */ = {
			isa = PBXFrameworksBuildPhase;
			buildActionMask = 2147483647;
			files = (
				7421312BF8AB6ACC76FB17A3 /* Pods_Arcstone_MobileTests.framework in Frameworks */,
			);
			runOnlyForDeploymentPostprocessing = 0;
		};
/* End PBXFrameworksBuildPhase section */

/* Begin PBXGroup section */
		056947D51E04DD7300BECB7C = {
			isa = PBXGroup;
			children = (
				056947E01E04DD7300BECB7C /* Arcstone Mobile */,
				056947F81E04DD7300BECB7C /* Arcstone MobileTests */,
				056947DF1E04DD7300BECB7C /* Products */,
				056948041E04E8EF00BECB7C /* Frameworks */,
				8935201EE9EDEA43BB807656 /* Pods */,
			);
			sourceTree = "<group>";
		};
		056947DF1E04DD7300BECB7C /* Products */ = {
			isa = PBXGroup;
			children = (
				056947DE1E04DD7300BECB7C /* Arcstone Mobile.app */,
				056947F51E04DD7300BECB7C /* Arcstone MobileTests.xctest */,
			);
			name = Products;
			sourceTree = "<group>";
		};
		056947E01E04DD7300BECB7C /* Arcstone Mobile */ = {
			isa = PBXGroup;
			children = (
				05186A321E4EACF0008A176D /* Arcstone Mobile.entitlements */,
				05E1D7FA1E73D68F009987D2 /* GoogleService-Info.plist */,
				0586DDA41E32FA38006491DF /* Storyboard */,
				0586DDA11E32FA14006491DF /* View Controlllers */,
				056947EB1E04DD7300BECB7C /* Assets.xcassets */,
				056947F01E04DD7300BECB7C /* Info.plist */,
				056947E81E04DD7300BECB7C /* Arcstone_Mobile.xcdatamodeld */,
				0569480C1E04E9B000BECB7C /* DataController.swift */,
			);
			path = "Arcstone Mobile";
			sourceTree = "<group>";
		};
		056947F81E04DD7300BECB7C /* Arcstone MobileTests */ = {
			isa = PBXGroup;
			children = (
				056947F91E04DD7300BECB7C /* Arcstone_MobileTests.swift */,
				0500F1281E66A02100C786F8 /* LoginTest.swift */,
				056947FB1E04DD7300BECB7C /* Info.plist */,
				0500F1231E669E8800C786F8 /* KIF+Extensions.swift */,
				0500F1251E669FF200C786F8 /* Arcstone MobileTests-Bridging-Header.h */,
			);
			path = "Arcstone MobileTests";
			sourceTree = "<group>";
		};
		056948041E04E8EF00BECB7C /* Frameworks */ = {
			isa = PBXGroup;
			children = (
				05F009241E73BF730089ACAD /* libstdc++.6.tbd */,
				05F009211E73BF610089ACAD /* UIKit.framework */,
				05F0091A1E73BB800089ACAD /* ShinobiGauges.framework */,
				05F009181E73A1F90089ACAD /* SVProgressHUD.framework */,
				05F009161E739C940089ACAD /* ShinobiGauges.framework */,
				05F009141E739C730089ACAD /* libc++.tbd */,
				0536FF041E06E31B0013E732 /* EZAlertController.swift */,
				FD879C9403DD2BE447BC1B75 /* Pods_Arcstone_Mobile.framework */,
				07B21813E848BF38CD4B8FB1 /* Pods_Arcstone_MobileTests.framework */,
			);
			name = Frameworks;
			sourceTree = "<group>";
		};
		057845061E347D3E0053EF14 /* Admin */ = {
			isa = PBXGroup;
			children = (
				057845041E34742A0053EF14 /* AdminBatchRunTableViewController.swift */,
				0586DDA21E32FA2F006491DF /* AdminViewController.swift */,
				057845001E3445F70053EF14 /* AdminPageViewController.swift */,
				057845071E348CD60053EF14 /* PersonnelViewController.swift */,
				0561B8FC1E3F0F87008CA2BF /* MachinesViewController.swift */,
				05641B0E1E502AD300B2B277 /* PersonnelJobsTableViewController.swift */,
				05641B101E503EDF00B2B277 /* MachineJobsTableViewController.swift */,
			);
			name = Admin;
			sourceTree = "<group>";
		};
		0586DDA11E32FA14006491DF /* View Controlllers */ = {
			isa = PBXGroup;
			children = (
				057845061E347D3E0053EF14 /* Admin */,
				0504C0771E45A3DC00AD5338 /* SideMenuViewController.swift */,
				056947E11E04DD7300BECB7C /* AppDelegate.swift */,
				05736A301E0BC35A008125AF /* NiceButton.swift */,
				05EE6BA51E0A1F7400616AC4 /* BatchRunSteps.swift */,
				05EE6BA31E090FB800616AC4 /* ShowJobViewController.swift */,
				056947E31E04DD7300BECB7C /* LoginViewController.swift */,
				059D16B11E0544DD0067581E /* BatchRunListViewController.swift */,
				058BFBE01E20CAC900B274E3 /* BatchRunStepParameterInfoViewController.swift */,
				058BFBDE1E20BA4000B274E3 /* BatchRunStepParameterTableViewController.swift */,
				05EAD91B1E0BBAE500FB6BC0 /* BatchRunStatusViewController.swift */,
				05EE6B9C1E08D99E00616AC4 /* BatchRunTableViewCell.swift */,
				0504C0791E45AB8B00AD5338 /* SettingsViewController.swift */,
				0598B07A1E612A8100F36B98 /* QRReaderViewController.swift */,
				053F9BE21E62BE2300C5C5AB /* QRSettingsViewController.swift */,
				05F0091C1E73BBA30089ACAD /* GaugeViewController.swift */,
			);
			name = "View Controlllers";
			sourceTree = "<group>";
		};
		0586DDA41E32FA38006491DF /* Storyboard */ = {
			isa = PBXGroup;
			children = (
				053031F51E13B65C003D9659 /* Main.storyboard */,
				056947ED1E04DD7300BECB7C /* LaunchScreen.storyboard */,
			);
			name = Storyboard;
			sourceTree = "<group>";
		};
		8935201EE9EDEA43BB807656 /* Pods */ = {
			isa = PBXGroup;
			children = (
				0C84C097E807948EBCE13EFC /* Pods-Arcstone Mobile.debug.xcconfig */,
				86182E7150583A80A105FFAD /* Pods-Arcstone Mobile.release.xcconfig */,
				EF44E063656339CE4637CAC2 /* Pods-Arcstone MobileTests.debug.xcconfig */,
				94B409531797B9A3DEE8427E /* Pods-Arcstone MobileTests.release.xcconfig */,
			);
			name = Pods;
			sourceTree = "<group>";
		};
/* End PBXGroup section */

/* Begin PBXNativeTarget section */
		056947DD1E04DD7300BECB7C /* Arcstone Mobile */ = {
			isa = PBXNativeTarget;
			buildConfigurationList = 056947FE1E04DD7300BECB7C /* Build configuration list for PBXNativeTarget "Arcstone Mobile" */;
			buildPhases = (
				0C7E0B667DC660A3B7515AC5 /* [CP] Check Pods Manifest.lock */,
				056947DA1E04DD7300BECB7C /* Sources */,
				056947DB1E04DD7300BECB7C /* Frameworks */,
				056947DC1E04DD7300BECB7C /* Resources */,
				056948091E04E90400BECB7C /* Copy Files */,
				5B6A36F39C262C86051FDE47 /* [CP] Embed Pods Frameworks */,
				F2E6DCDF7353A7FB5A3302D7 /* [CP] Copy Pods Resources */,
				0580C64E1E45835E00826758 /* Embed Frameworks */,
			);
			buildRules = (
			);
			dependencies = (
			);
			name = "Arcstone Mobile";
			productName = "Arcstone Mobile";
			productReference = 056947DE1E04DD7300BECB7C /* Arcstone Mobile.app */;
			productType = "com.apple.product-type.application";
		};
		056947F41E04DD7300BECB7C /* Arcstone MobileTests */ = {
			isa = PBXNativeTarget;
			buildConfigurationList = 056948011E04DD7300BECB7C /* Build configuration list for PBXNativeTarget "Arcstone MobileTests" */;
			buildPhases = (
				577868DF023745F8B847A58D /* [CP] Check Pods Manifest.lock */,
				056947F11E04DD7300BECB7C /* Sources */,
				056947F21E04DD7300BECB7C /* Frameworks */,
				056947F31E04DD7300BECB7C /* Resources */,
				A8B4143856F3AE60CBE993E5 /* [CP] Embed Pods Frameworks */,
				4E02AEB580DC2B63D59D3A22 /* [CP] Copy Pods Resources */,
			);
			buildRules = (
			);
			dependencies = (
				056947F71E04DD7300BECB7C /* PBXTargetDependency */,
			);
			name = "Arcstone MobileTests";
			productName = "Arcstone MobileTests";
			productReference = 056947F51E04DD7300BECB7C /* Arcstone MobileTests.xctest */;
			productType = "com.apple.product-type.bundle.unit-test";
		};
/* End PBXNativeTarget section */

/* Begin PBXProject section */
		056947D61E04DD7300BECB7C /* Project object */ = {
			isa = PBXProject;
			attributes = {
				LastSwiftUpdateCheck = 0820;
				LastUpgradeCheck = 0820;
				ORGANIZATIONNAME = Bilguun;
				TargetAttributes = {
					056947DD1E04DD7300BECB7C = {
						CreatedOnToolsVersion = 8.2;
						DevelopmentTeam = MWXEKJ6TJ5;
						LastSwiftMigration = 0820;
						ProvisioningStyle = Automatic;
						SystemCapabilities = {
							com.apple.BackgroundModes = {
								enabled = 1;
							};
							com.apple.Push = {
								enabled = 1;
							};
						};
					};
					056947F41E04DD7300BECB7C = {
						CreatedOnToolsVersion = 8.2;
						DevelopmentTeam = MWXEKJ6TJ5;
						LastSwiftMigration = 0820;
						ProvisioningStyle = Automatic;
						TestTargetID = 056947DD1E04DD7300BECB7C;
					};
				};
			};
			buildConfigurationList = 056947D91E04DD7300BECB7C /* Build configuration list for PBXProject "Arcstone Mobile" */;
			compatibilityVersion = "Xcode 3.2";
			developmentRegion = English;
			hasScannedForEncodings = 0;
			knownRegions = (
				Base,
			);
			mainGroup = 056947D51E04DD7300BECB7C;
			productRefGroup = 056947DF1E04DD7300BECB7C /* Products */;
			projectDirPath = "";
			projectRoot = "";
			targets = (
				056947DD1E04DD7300BECB7C /* Arcstone Mobile */,
				056947F41E04DD7300BECB7C /* Arcstone MobileTests */,
			);
		};
/* End PBXProject section */

/* Begin PBXResourcesBuildPhase section */
		056947DC1E04DD7300BECB7C /* Resources */ = {
			isa = PBXResourcesBuildPhase;
			buildActionMask = 2147483647;
			files = (
				05541CB81E59B927006D3F5C /* Main.storyboard in Resources */,
				05E1D7FB1E73D68F009987D2 /* GoogleService-Info.plist in Resources */,
				05541CB91E59B927006D3F5C /* LaunchScreen.storyboard in Resources */,
				05541CBA1E59B927006D3F5C /* Assets.xcassets in Resources */,
			);
			runOnlyForDeploymentPostprocessing = 0;
		};
		056947F31E04DD7300BECB7C /* Resources */ = {
			isa = PBXResourcesBuildPhase;
			buildActionMask = 2147483647;
			files = (
			);
			runOnlyForDeploymentPostprocessing = 0;
		};
/* End PBXResourcesBuildPhase section */

/* Begin PBXShellScriptBuildPhase section */
		0C7E0B667DC660A3B7515AC5 /* [CP] Check Pods Manifest.lock */ = {
			isa = PBXShellScriptBuildPhase;
			buildActionMask = 2147483647;
			files = (
			);
			inputPaths = (
			);
			name = "[CP] Check Pods Manifest.lock";
			outputPaths = (
			);
			runOnlyForDeploymentPostprocessing = 0;
			shellPath = /bin/sh;
			shellScript = "diff \"${PODS_ROOT}/../Podfile.lock\" \"${PODS_ROOT}/Manifest.lock\" > /dev/null\nif [ $? != 0 ] ; then\n    # print error to STDERR\n    echo \"error: The sandbox is not in sync with the Podfile.lock. Run 'pod install' or update your CocoaPods installation.\" >&2\n    exit 1\nfi\n";
			showEnvVarsInLog = 0;
		};
		4E02AEB580DC2B63D59D3A22 /* [CP] Copy Pods Resources */ = {
			isa = PBXShellScriptBuildPhase;
			buildActionMask = 2147483647;
			files = (
			);
			inputPaths = (
			);
			name = "[CP] Copy Pods Resources";
			outputPaths = (
			);
			runOnlyForDeploymentPostprocessing = 0;
			shellPath = /bin/sh;
			shellScript = "\"${SRCROOT}/Pods/Target Support Files/Pods-Arcstone MobileTests/Pods-Arcstone MobileTests-resources.sh\"\n";
			showEnvVarsInLog = 0;
		};
		577868DF023745F8B847A58D /* [CP] Check Pods Manifest.lock */ = {
			isa = PBXShellScriptBuildPhase;
			buildActionMask = 2147483647;
			files = (
			);
			inputPaths = (
			);
			name = "[CP] Check Pods Manifest.lock";
			outputPaths = (
			);
			runOnlyForDeploymentPostprocessing = 0;
			shellPath = /bin/sh;
			shellScript = "diff \"${PODS_ROOT}/../Podfile.lock\" \"${PODS_ROOT}/Manifest.lock\" > /dev/null\nif [ $? != 0 ] ; then\n    # print error to STDERR\n    echo \"error: The sandbox is not in sync with the Podfile.lock. Run 'pod install' or update your CocoaPods installation.\" >&2\n    exit 1\nfi\n";
			showEnvVarsInLog = 0;
		};
		5B6A36F39C262C86051FDE47 /* [CP] Embed Pods Frameworks */ = {
			isa = PBXShellScriptBuildPhase;
			buildActionMask = 2147483647;
			files = (
			);
			inputPaths = (
			);
			name = "[CP] Embed Pods Frameworks";
			outputPaths = (
			);
			runOnlyForDeploymentPostprocessing = 0;
			shellPath = /bin/sh;
			shellScript = "\"${SRCROOT}/Pods/Target Support Files/Pods-Arcstone Mobile/Pods-Arcstone Mobile-frameworks.sh\"\n";
			showEnvVarsInLog = 0;
		};
		A8B4143856F3AE60CBE993E5 /* [CP] Embed Pods Frameworks */ = {
			isa = PBXShellScriptBuildPhase;
			buildActionMask = 2147483647;
			files = (
			);
			inputPaths = (
			);
			name = "[CP] Embed Pods Frameworks";
			outputPaths = (
			);
			runOnlyForDeploymentPostprocessing = 0;
			shellPath = /bin/sh;
			shellScript = "\"${SRCROOT}/Pods/Target Support Files/Pods-Arcstone MobileTests/Pods-Arcstone MobileTests-frameworks.sh\"\n";
			showEnvVarsInLog = 0;
		};
		F2E6DCDF7353A7FB5A3302D7 /* [CP] Copy Pods Resources */ = {
			isa = PBXShellScriptBuildPhase;
			buildActionMask = 2147483647;
			files = (
			);
			inputPaths = (
			);
			name = "[CP] Copy Pods Resources";
			outputPaths = (
			);
			runOnlyForDeploymentPostprocessing = 0;
			shellPath = /bin/sh;
			shellScript = "\"${SRCROOT}/Pods/Target Support Files/Pods-Arcstone Mobile/Pods-Arcstone Mobile-resources.sh\"\n";
			showEnvVarsInLog = 0;
		};
/* End PBXShellScriptBuildPhase section */

/* Begin PBXSourcesBuildPhase section */
		056947DA1E04DD7300BECB7C /* Sources */ = {
			isa = PBXSourcesBuildPhase;
			buildActionMask = 2147483647;
			files = (
				0586DDA31E32FA2F006491DF /* AdminViewController.swift in Sources */,
				05736A311E0BC35A008125AF /* NiceButton.swift in Sources */,
				05EE6B9E1E08D99E00616AC4 /* BatchRunTableViewCell.swift in Sources */,
				0504C07A1E45AB8B00AD5338 /* SettingsViewController.swift in Sources */,
				0561B8FD1E3F0F87008CA2BF /* MachinesViewController.swift in Sources */,
				057845081E348CD60053EF14 /* PersonnelViewController.swift in Sources */,
				0598B07B1E612A8100F36B98 /* QRReaderViewController.swift in Sources */,
				058BFBDF1E20BA4000B274E3 /* BatchRunStepParameterTableViewController.swift in Sources */,
				056947E41E04DD7300BECB7C /* LoginViewController.swift in Sources */,
				05EE6BA61E0A1F7400616AC4 /* BatchRunSteps.swift in Sources */,
				057845051E34742A0053EF14 /* AdminBatchRunTableViewController.swift in Sources */,
				05641B0F1E502AD300B2B277 /* PersonnelJobsTableViewController.swift in Sources */,
				05641B111E503EDF00B2B277 /* MachineJobsTableViewController.swift in Sources */,
				058BFBE11E20CAC900B274E3 /* BatchRunStepParameterInfoViewController.swift in Sources */,
				0536FF051E06E31B0013E732 /* EZAlertController.swift in Sources */,
				057845011E3445F70053EF14 /* AdminPageViewController.swift in Sources */,
				05EE6BA41E090FB800616AC4 /* ShowJobViewController.swift in Sources */,
				05F0091D1E73BBA30089ACAD /* GaugeViewController.swift in Sources */,
				0569480D1E04E9B000BECB7C /* DataController.swift in Sources */,
				05EAD91C1E0BBAE500FB6BC0 /* BatchRunStatusViewController.swift in Sources */,
				056947EA1E04DD7300BECB7C /* Arcstone_Mobile.xcdatamodeld in Sources */,
				053F9BE31E62BE2300C5C5AB /* QRSettingsViewController.swift in Sources */,
				059D16B21E0544DD0067581E /* BatchRunListViewController.swift in Sources */,
				0504C0781E45A3DC00AD5338 /* SideMenuViewController.swift in Sources */,
				056947E21E04DD7300BECB7C /* AppDelegate.swift in Sources */,
			);
			runOnlyForDeploymentPostprocessing = 0;
		};
		056947F11E04DD7300BECB7C /* Sources */ = {
			isa = PBXSourcesBuildPhase;
			buildActionMask = 2147483647;
			files = (
				0500F1291E66A02100C786F8 /* LoginTest.swift in Sources */,
				0500F1241E669E8800C786F8 /* KIF+Extensions.swift in Sources */,
				056947FA1E04DD7300BECB7C /* Arcstone_MobileTests.swift in Sources */,
			);
			runOnlyForDeploymentPostprocessing = 0;
		};
/* End PBXSourcesBuildPhase section */

/* Begin PBXTargetDependency section */
		056947F71E04DD7300BECB7C /* PBXTargetDependency */ = {
			isa = PBXTargetDependency;
			target = 056947DD1E04DD7300BECB7C /* Arcstone Mobile */;
			targetProxy = 056947F61E04DD7300BECB7C /* PBXContainerItemProxy */;
		};
/* End PBXTargetDependency section */

/* Begin PBXVariantGroup section */
		053031F51E13B65C003D9659 /* Main.storyboard */ = {
			isa = PBXVariantGroup;
			children = (
				053031F41E13B65C003D9659 /* Base */,
			);
			name = Main.storyboard;
			sourceTree = "<group>";
		};
		056947ED1E04DD7300BECB7C /* LaunchScreen.storyboard */ = {
			isa = PBXVariantGroup;
			children = (
				056947EE1E04DD7300BECB7C /* Base */,
			);
			name = LaunchScreen.storyboard;
			sourceTree = "<group>";
		};
/* End PBXVariantGroup section */

/* Begin XCBuildConfiguration section */
		056947FC1E04DD7300BECB7C /* Debug */ = {
			isa = XCBuildConfiguration;
			buildSettings = {
				ALWAYS_SEARCH_USER_PATHS = NO;
				CLANG_ANALYZER_LOCALIZABILITY_NONLOCALIZED = YES;
				CLANG_ANALYZER_NONNULL = YES;
				CLANG_CXX_LANGUAGE_STANDARD = "gnu++0x";
				CLANG_CXX_LIBRARY = "libc++";
				CLANG_ENABLE_MODULES = YES;
				CLANG_ENABLE_OBJC_ARC = YES;
				CLANG_WARN_BOOL_CONVERSION = YES;
				CLANG_WARN_CONSTANT_CONVERSION = YES;
				CLANG_WARN_DIRECT_OBJC_ISA_USAGE = YES_ERROR;
				CLANG_WARN_DOCUMENTATION_COMMENTS = YES;
				CLANG_WARN_EMPTY_BODY = YES;
				CLANG_WARN_ENUM_CONVERSION = YES;
				CLANG_WARN_INFINITE_RECURSION = YES;
				CLANG_WARN_INT_CONVERSION = YES;
				CLANG_WARN_OBJC_ROOT_CLASS = YES_ERROR;
				CLANG_WARN_SUSPICIOUS_MOVE = YES;
				CLANG_WARN_UNREACHABLE_CODE = YES;
				CLANG_WARN__DUPLICATE_METHOD_MATCH = YES;
				"CODE_SIGN_IDENTITY[sdk=iphoneos*]" = "iPhone Developer";
				COPY_PHASE_STRIP = NO;
				DEBUG_INFORMATION_FORMAT = dwarf;
				ENABLE_STRICT_OBJC_MSGSEND = YES;
				ENABLE_TESTABILITY = YES;
				GCC_C_LANGUAGE_STANDARD = gnu99;
				GCC_DYNAMIC_NO_PIC = NO;
				GCC_NO_COMMON_BLOCKS = YES;
				GCC_OPTIMIZATION_LEVEL = 0;
				GCC_PREPROCESSOR_DEFINITIONS = (
					"DEBUG=1",
					"$(inherited)",
				);
				GCC_WARN_64_TO_32_BIT_CONVERSION = YES;
				GCC_WARN_ABOUT_RETURN_TYPE = YES_ERROR;
				GCC_WARN_UNDECLARED_SELECTOR = YES;
				GCC_WARN_UNINITIALIZED_AUTOS = YES_AGGRESSIVE;
				GCC_WARN_UNUSED_FUNCTION = YES;
				GCC_WARN_UNUSED_VARIABLE = YES;
				IPHONEOS_DEPLOYMENT_TARGET = 9.0;
				MTL_ENABLE_DEBUG_INFO = YES;
				ONLY_ACTIVE_ARCH = YES;
				SDKROOT = iphoneos;
				SWIFT_ACTIVE_COMPILATION_CONDITIONS = DEBUG;
				SWIFT_OPTIMIZATION_LEVEL = "-Onone";
				TARGETED_DEVICE_FAMILY = "1,2";
			};
			name = Debug;
		};
		056947FD1E04DD7300BECB7C /* Release */ = {
			isa = XCBuildConfiguration;
			buildSettings = {
				ALWAYS_SEARCH_USER_PATHS = NO;
				CLANG_ANALYZER_LOCALIZABILITY_NONLOCALIZED = YES;
				CLANG_ANALYZER_NONNULL = YES;
				CLANG_CXX_LANGUAGE_STANDARD = "gnu++0x";
				CLANG_CXX_LIBRARY = "libc++";
				CLANG_ENABLE_MODULES = YES;
				CLANG_ENABLE_OBJC_ARC = YES;
				CLANG_WARN_BOOL_CONVERSION = YES;
				CLANG_WARN_CONSTANT_CONVERSION = YES;
				CLANG_WARN_DIRECT_OBJC_ISA_USAGE = YES_ERROR;
				CLANG_WARN_DOCUMENTATION_COMMENTS = YES;
				CLANG_WARN_EMPTY_BODY = YES;
				CLANG_WARN_ENUM_CONVERSION = YES;
				CLANG_WARN_INFINITE_RECURSION = YES;
				CLANG_WARN_INT_CONVERSION = YES;
				CLANG_WARN_OBJC_ROOT_CLASS = YES_ERROR;
				CLANG_WARN_SUSPICIOUS_MOVE = YES;
				CLANG_WARN_UNREACHABLE_CODE = YES;
				CLANG_WARN__DUPLICATE_METHOD_MATCH = YES;
				"CODE_SIGN_IDENTITY[sdk=iphoneos*]" = "iPhone Developer";
				COPY_PHASE_STRIP = NO;
				DEBUG_INFORMATION_FORMAT = "dwarf-with-dsym";
				ENABLE_NS_ASSERTIONS = NO;
				ENABLE_STRICT_OBJC_MSGSEND = YES;
				GCC_C_LANGUAGE_STANDARD = gnu99;
				GCC_NO_COMMON_BLOCKS = YES;
				GCC_WARN_64_TO_32_BIT_CONVERSION = YES;
				GCC_WARN_ABOUT_RETURN_TYPE = YES_ERROR;
				GCC_WARN_UNDECLARED_SELECTOR = YES;
				GCC_WARN_UNINITIALIZED_AUTOS = YES_AGGRESSIVE;
				GCC_WARN_UNUSED_FUNCTION = YES;
				GCC_WARN_UNUSED_VARIABLE = YES;
				IPHONEOS_DEPLOYMENT_TARGET = 9.0;
				MTL_ENABLE_DEBUG_INFO = NO;
				SDKROOT = iphoneos;
				SWIFT_OPTIMIZATION_LEVEL = "-Owholemodule";
				TARGETED_DEVICE_FAMILY = "1,2";
				VALIDATE_PRODUCT = YES;
			};
			name = Release;
		};
		056947FF1E04DD7300BECB7C /* Debug */ = {
			isa = XCBuildConfiguration;
			baseConfigurationReference = 0C84C097E807948EBCE13EFC /* Pods-Arcstone Mobile.debug.xcconfig */;
			buildSettings = {
				ALWAYS_EMBED_SWIFT_STANDARD_LIBRARIES = "$(inherited)";
				ASSETCATALOG_COMPILER_APPICON_NAME = AppIcon;
				CLANG_ENABLE_MODULES = YES;
				CODE_SIGN_ENTITLEMENTS = "Arcstone Mobile/Arcstone Mobile.entitlements";
				DEVELOPMENT_TEAM = MWXEKJ6TJ5;
				FRAMEWORK_SEARCH_PATHS = (
					"$(inherited)",
					"$(PROJECT_DIR)/build/Debug-iphoneos/SVProgressHUD",
				);
				INFOPLIST_FILE = "Arcstone Mobile/Info.plist";
				IPHONEOS_DEPLOYMENT_TARGET = 9.0;
				LD_RUNPATH_SEARCH_PATHS = "$(inherited) @executable_path/Frameworks";
				PRODUCT_BUNDLE_IDENTIFIER = com.Arcstone.arcmobile;
				PRODUCT_NAME = "$(TARGET_NAME)";
				SWIFT_OPTIMIZATION_LEVEL = "-Onone";
				SWIFT_VERSION = 3.0;
				TARGETED_DEVICE_FAMILY = "1,2";
			};
			name = Debug;
		};
		056948001E04DD7300BECB7C /* Release */ = {
			isa = XCBuildConfiguration;
			baseConfigurationReference = 86182E7150583A80A105FFAD /* Pods-Arcstone Mobile.release.xcconfig */;
			buildSettings = {
				ALWAYS_EMBED_SWIFT_STANDARD_LIBRARIES = "$(inherited)";
				ASSETCATALOG_COMPILER_APPICON_NAME = AppIcon;
				CLANG_ENABLE_MODULES = YES;
				CODE_SIGN_ENTITLEMENTS = "Arcstone Mobile/Arcstone Mobile.entitlements";
				DEVELOPMENT_TEAM = MWXEKJ6TJ5;
				FRAMEWORK_SEARCH_PATHS = (
					"$(inherited)",
					"$(PROJECT_DIR)/build/Debug-iphoneos/SVProgressHUD",
				);
				INFOPLIST_FILE = "Arcstone Mobile/Info.plist";
				IPHONEOS_DEPLOYMENT_TARGET = 9.0;
				LD_RUNPATH_SEARCH_PATHS = "$(inherited) @executable_path/Frameworks";
				PRODUCT_BUNDLE_IDENTIFIER = com.Arcstone.arcmobile;
				PRODUCT_NAME = "$(TARGET_NAME)";
				SWIFT_VERSION = 3.0;
				TARGETED_DEVICE_FAMILY = "1,2";
			};
			name = Release;
		};
		056948021E04DD7300BECB7C /* Debug */ = {
			isa = XCBuildConfiguration;
			baseConfigurationReference = EF44E063656339CE4637CAC2 /* Pods-Arcstone MobileTests.debug.xcconfig */;
			buildSettings = {
				ALWAYS_EMBED_SWIFT_STANDARD_LIBRARIES = "$(inherited)";
				BUNDLE_LOADER = "$(TEST_HOST)";
				CLANG_ENABLE_MODULES = YES;
				DEVELOPMENT_TEAM = MWXEKJ6TJ5;
				INFOPLIST_FILE = "Arcstone MobileTests/Info.plist";
				LD_RUNPATH_SEARCH_PATHS = "$(inherited) @executable_path/Frameworks @loader_path/Frameworks";
				PRODUCT_BUNDLE_IDENTIFIER = "com.Arcstone.Arcstone-MobileTests";
				PRODUCT_NAME = "$(TARGET_NAME)";
				SWIFT_OBJC_BRIDGING_HEADER = "Arcstone MobileTests/Arcstone MobileTests-Bridging-Header.h";
				SWIFT_OPTIMIZATION_LEVEL = "-Onone";
				SWIFT_VERSION = 3.0;
				TEST_HOST = "$(BUILT_PRODUCTS_DIR)/Arcstone Mobile.app/Arcstone Mobile";
			};
			name = Debug;
		};
		056948031E04DD7300BECB7C /* Release */ = {
			isa = XCBuildConfiguration;
			baseConfigurationReference = 94B409531797B9A3DEE8427E /* Pods-Arcstone MobileTests.release.xcconfig */;
			buildSettings = {
				ALWAYS_EMBED_SWIFT_STANDARD_LIBRARIES = "$(inherited)";
				BUNDLE_LOADER = "$(TEST_HOST)";
				CLANG_ENABLE_MODULES = YES;
				DEVELOPMENT_TEAM = MWXEKJ6TJ5;
				INFOPLIST_FILE = "Arcstone MobileTests/Info.plist";
				LD_RUNPATH_SEARCH_PATHS = "$(inherited) @executable_path/Frameworks @loader_path/Frameworks";
				PRODUCT_BUNDLE_IDENTIFIER = "com.Arcstone.Arcstone-MobileTests";
				PRODUCT_NAME = "$(TARGET_NAME)";
				SWIFT_OBJC_BRIDGING_HEADER = "Arcstone MobileTests/Arcstone MobileTests-Bridging-Header.h";
				SWIFT_VERSION = 3.0;
				TEST_HOST = "$(BUILT_PRODUCTS_DIR)/Arcstone Mobile.app/Arcstone Mobile";
			};
			name = Release;
		};
/* End XCBuildConfiguration section */

/* Begin XCConfigurationList section */
		056947D91E04DD7300BECB7C /* Build configuration list for PBXProject "Arcstone Mobile" */ = {
			isa = XCConfigurationList;
			buildConfigurations = (
				056947FC1E04DD7300BECB7C /* Debug */,
				056947FD1E04DD7300BECB7C /* Release */,
			);
			defaultConfigurationIsVisible = 0;
			defaultConfigurationName = Release;
		};
		056947FE1E04DD7300BECB7C /* Build configuration list for PBXNativeTarget "Arcstone Mobile" */ = {
			isa = XCConfigurationList;
			buildConfigurations = (
				056947FF1E04DD7300BECB7C /* Debug */,
				056948001E04DD7300BECB7C /* Release */,
			);
			defaultConfigurationIsVisible = 0;
			defaultConfigurationName = Release;
		};
		056948011E04DD7300BECB7C /* Build configuration list for PBXNativeTarget "Arcstone MobileTests" */ = {
			isa = XCConfigurationList;
			buildConfigurations = (
				056948021E04DD7300BECB7C /* Debug */,
				056948031E04DD7300BECB7C /* Release */,
			);
			defaultConfigurationIsVisible = 0;
			defaultConfigurationName = Release;
		};
/* End XCConfigurationList section */

/* Begin XCVersionGroup section */
		056947E81E04DD7300BECB7C /* Arcstone_Mobile.xcdatamodeld */ = {
			isa = XCVersionGroup;
			children = (
				056947E91E04DD7300BECB7C /* Arcstone_Mobile.xcdatamodel */,
			);
			currentVersion = 056947E91E04DD7300BECB7C /* Arcstone_Mobile.xcdatamodel */;
			path = Arcstone_Mobile.xcdatamodeld;
			sourceTree = "<group>";
			versionGroupType = wrapper.xcdatamodel;
		};
/* End XCVersionGroup section */
	};
	rootObject = 056947D61E04DD7300BECB7C /* Project object */;
}
